
Microsoft Visual Studio Solution File, Format Version 12.00
# Visual Studio Version 17
VisualStudioVersion = 17.5.33103.201
MinimumVisualStudioVersion = 10.0.40219.1
Project("{9A19103F-16F7-4668-BE54-9A1E7A4F7556}") = "Salix.StackTracer", "Source\Salix.StackTracer\Salix.StackTracer.csproj", "{96195784-F914-40FA-849B-0435C7410B62}"
EndProject
Project("{9A19103F-16F7-4668-BE54-9A1E7A4F7556}") = "Salix.StackTracer.Tests", "Source\Salix.StackTracer.Tests\Salix.StackTracer.Tests.csproj", "{0DE52106-8D5B-49F2-BB95-9289AB782305}"
EndProject
Project("{2150E333-8FDC-42A3-9474-1A3956D46DE8}") = "Solution items", "Solution items", "{A7D8B9A7-D9D0-45C9-B208-C0FCFB69557A}"
	ProjectSection(SolutionItems) = preProject
		.editorconfig = .editorconfig
		.gitignore = .gitignore
		.github\workflows\build_test.yml = .github\workflows\build_test.yml
		nuget_readme.md = nuget_readme.md
		.github\workflows\Publish NuGet.yml = .github\workflows\Publish NuGet.yml
		README.md = README.md
	EndProjectSection
EndProject
Global
	GlobalSection(SolutionConfigurationPlatforms) = preSolution
		Debug|Any CPU = Debug|Any CPU
		Release|Any CPU = Release|Any CPU
	EndGlobalSection
	GlobalSection(ProjectConfigurationPlatforms) = postSolution
		{96195784-F914-40FA-849B-0435C7410B62}.Debug|Any CPU.ActiveCfg = Debug|Any CPU
		{96195784-F914-40FA-849B-0435C7410B62}.Debug|Any CPU.Build.0 = Debug|Any CPU
		{96195784-F914-40FA-849B-0435C7410B62}.Release|Any CPU.ActiveCfg = Release|Any CPU
		{96195784-F914-40FA-849B-0435C7410B62}.Release|Any CPU.Build.0 = Release|Any CPU
		{0DE52106-8D5B-49F2-BB95-9289AB782305}.Debug|Any CPU.ActiveCfg = Debug|Any CPU
		{0DE52106-8D5B-49F2-BB95-9289AB782305}.Debug|Any CPU.Build.0 = Debug|Any CPU
		{0DE52106-8D5B-49F2-BB95-9289AB782305}.Release|Any CPU.ActiveCfg = Release|Any CPU
		{0DE52106-8D5B-49F2-BB95-9289AB782305}.Release|Any CPU.Build.0 = Release|Any CPU
	EndGlobalSection
	GlobalSection(SolutionProperties) = preSolution
		HideSolutionNode = FALSE
	EndGlobalSection
	GlobalSection(ExtensibilityGlobals) = postSolution
		SolutionGuid = {7D98AB7B-8BAA-4B33-A6AF-43F1AD008361}
	EndGlobalSection
EndGlobal
